// !$*UTF8*$!
{
	archiveVersion = 1;
	classes = {
	};
	objectVersion = 77;
	objects = {

/* Begin PBXContainerItemProxy section */
		86164AEF2D05F6F8005A0D2E /* PBXContainerItemProxy */ = {
			isa = PBXContainerItemProxy;
			containerPortal = 86164AD62D05F6F6005A0D2E /* Project object */;
			proxyType = 1;
			remoteGlobalIDString = 86164ADD2D05F6F6005A0D2E;
			remoteInfo = reframe;
		};
		86164AF92D05F6F8005A0D2E /* PBXContainerItemProxy */ = {
			isa = PBXContainerItemProxy;
			containerPortal = 86164AD62D05F6F6005A0D2E /* Project object */;
			proxyType = 1;
			remoteGlobalIDString = 86164ADD2D05F6F6005A0D2E;
			remoteInfo = reframe;
		};
/* End PBXContainerItemProxy section */

/* Begin PBXFileReference section */
		86164ADE2D05F6F6005A0D2E /* reframe.app */ = {isa = PBXFileReference; explicitFileType = wrapper.application; includeInIndex = 0; path = reframe.app; sourceTree = BUILT_PRODUCTS_DIR; };
		86164AEE2D05F6F8005A0D2E /* reframeTests.xctest */ = {isa = PBXFileReference; explicitFileType = wrapper.cfbundle; includeInIndex = 0; path = reframeTests.xctest; sourceTree = BUILT_PRODUCTS_DIR; };
		86164AF82D05F6F8005A0D2E /* reframeUITests.xctest */ = {isa = PBXFileReference; explicitFileType = wrapper.cfbundle; includeInIndex = 0; path = reframeUITests.xctest; sourceTree = BUILT_PRODUCTS_DIR; };
/* End PBXFileReference section */

/* Begin PBXFileSystemSynchronizedRootGroup section */
		86164AE02D05F6F6005A0D2E /* reframe */ = {
			isa = PBXFileSystemSynchronizedRootGroup;
			path = reframe;
			sourceTree = "<group>";
		};
		86164AF12D05F6F8005A0D2E /* reframeTests */ = {
			isa = PBXFileSystemSynchronizedRootGroup;
			path = reframeTests;
			sourceTree = "<group>";
		};
		86164AFB2D05F6F8005A0D2E /* reframeUITests */ = {
			isa = PBXFileSystemSynchronizedRootGroup;
			path = reframeUITests;
			sourceTree = "<group>";
		};
/* End PBXFileSystemSynchronizedRootGroup section */

/* Begin PBXFrameworksBuildPhase section */
		86164ADB2D05F6F6005A0D2E /* Frameworks */ = {
			isa = PBXFrameworksBuildPhase;
			buildActionMask = 2147483647;
			files = (
			);
			runOnlyForDeploymentPostprocessing = 0;
		};
		86164AEB2D05F6F8005A0D2E /* Frameworks */ = {
			isa = PBXFrameworksBuildPhase;
			buildActionMask = 2147483647;
			files = (
			);
			runOnlyForDeploymentPostprocessing = 0;
		};
		86164AF52D05F6F8005A0D2E /* Frameworks */ = {
			isa = PBXFrameworksBuildPhase;
			buildActionMask = 2147483647;
			files = (
			);
			runOnlyForDeploymentPostprocessing = 0;
		};
/* End PBXFrameworksBuildPhase section */

/* Begin PBXGroup section */
		86164AD52D05F6F6005A0D2E = {
			isa = PBXGroup;
			children = (
				86164AE02D05F6F6005A0D2E /* reframe */,
				86164AF12D05F6F8005A0D2E /* reframeTests */,
				86164AFB2D05F6F8005A0D2E /* reframeUITests */,
				86164ADF2D05F6F6005A0D2E /* Products */,
			);
			sourceTree = "<group>";
		};
		86164ADF2D05F6F6005A0D2E /* Products */ = {
			isa = PBXGroup;
			children = (
				86164ADE2D05F6F6005A0D2E /* reframe.app */,
				86164AEE2D05F6F8005A0D2E /* reframeTests.xctest */,
				86164AF82D05F6F8005A0D2E /* reframeUITests.xctest */,
			);
			name = Products;
			sourceTree = "<group>";
		};
/* End PBXGroup section */

/* Begin PBXNativeTarget section */
		86164ADD2D05F6F6005A0D2E /* reframe */ = {
			isa = PBXNativeTarget;
			buildConfigurationList = 86164B022D05F6F8005A0D2E /* Build configuration list for PBXNativeTarget "reframe" */;
			buildPhases = (
				86164ADA2D05F6F6005A0D2E /* Sources */,
				86164ADB2D05F6F6005A0D2E /* Frameworks */,
				86164ADC2D05F6F6005A0D2E /* Resources */,
			);
			buildRules = (
			);
			dependencies = (
			);
			fileSystemSynchronizedGroups = (
				86164AE02D05F6F6005A0D2E /* reframe */,
			);
			name = reframe;
			packageProductDependencies = (
			);
			productName = reframe;
			productReference = 86164ADE2D05F6F6005A0D2E /* reframe.app */;
			productType = "com.apple.product-type.application";
		};
		86164AED2D05F6F8005A0D2E /* reframeTests */ = {
			isa = PBXNativeTarget;
			buildConfigurationList = 86164B052D05F6F8005A0D2E /* Build configuration list for PBXNativeTarget "reframeTests" */;
			buildPhases = (
				86164AEA2D05F6F8005A0D2E /* Sources */,
				86164AEB2D05F6F8005A0D2E /* Frameworks */,
				86164AEC2D05F6F8005A0D2E /* Resources */,
			);
			buildRules = (
			);
			dependencies = (
				86164AF02D05F6F8005A0D2E /* PBXTargetDependency */,
			);
			fileSystemSynchronizedGroups = (
				86164AF12D05F6F8005A0D2E /* reframeTests */,
			);
			name = reframeTests;
			packageProductDependencies = (
			);
			productName = reframeTests;
			productReference = 86164AEE2D05F6F8005A0D2E /* reframeTests.xctest */;
			productType = "com.apple.product-type.bundle.unit-test";
		};
		86164AF72D05F6F8005A0D2E /* reframeUITests */ = {
			isa = PBXNativeTarget;
			buildConfigurationList = 86164B082D05F6F8005A0D2E /* Build configuration list for PBXNativeTarget "reframeUITests" */;
			buildPhases = (
				86164AF42D05F6F8005A0D2E /* Sources */,
				86164AF52D05F6F8005A0D2E /* Frameworks */,
				86164AF62D05F6F8005A0D2E /* Resources */,
			);
			buildRules = (
			);
			dependencies = (
				86164AFA2D05F6F8005A0D2E /* PBXTargetDependency */,
			);
			fileSystemSynchronizedGroups = (
				86164AFB2D05F6F8005A0D2E /* reframeUITests */,
			);
			name = reframeUITests;
			packageProductDependencies = (
			);
			productName = reframeUITests;
			productReference = 86164AF82D05F6F8005A0D2E /* reframeUITests.xctest */;
			productType = "com.apple.product-type.bundle.ui-testing";
		};
/* End PBXNativeTarget section */

/* Begin PBXProject section */
		86164AD62D05F6F6005A0D2E /* Project object */ = {
			isa = PBXProject;
			attributes = {
				BuildIndependentTargetsInParallel = 1;
				LastSwiftUpdateCheck = 1610;
				LastUpgradeCheck = 1610;
				TargetAttributes = {
					86164ADD2D05F6F6005A0D2E = {
						CreatedOnToolsVersion = 16.1;
					};
					86164AED2D05F6F8005A0D2E = {
						CreatedOnToolsVersion = 16.1;
						TestTargetID = 86164ADD2D05F6F6005A0D2E;
					};
					86164AF72D05F6F8005A0D2E = {
						CreatedOnToolsVersion = 16.1;
						TestTargetID = 86164ADD2D05F6F6005A0D2E;
					};
				};
			};
			buildConfigurationList = 86164AD92D05F6F6005A0D2E /* Build configuration list for PBXProject "reframe" */;
			developmentRegion = en;
			hasScannedForEncodings = 0;
			knownRegions = (
				en,
				Base,
			);
			mainGroup = 86164AD52D05F6F6005A0D2E;
			minimizedProjectReferenceProxies = 1;
			preferredProjectObjectVersion = 77;
			productRefGroup = 86164ADF2D05F6F6005A0D2E /* Products */;
			projectDirPath = "";
			projectRoot = "";
			targets = (
				86164ADD2D05F6F6005A0D2E /* reframe */,
				86164AED2D05F6F8005A0D2E /* reframeTests */,
				86164AF72D05F6F8005A0D2E /* reframeUITests */,
			);
		};
/* End PBXProject section */

/* Begin PBXResourcesBuildPhase section */
		86164ADC2D05F6F6005A0D2E /* Resources */ = {
			isa = PBXResourcesBuildPhase;
			buildActionMask = 2147483647;
			files = (
			);
			runOnlyForDeploymentPostprocessing = 0;
		};
		86164AEC2D05F6F8005A0D2E /* Resources */ = {
			isa = PBXResourcesBuildPhase;
			buildActionMask = 2147483647;
			files = (
			);
			runOnlyForDeploymentPostprocessing = 0;
		};
		86164AF62D05F6F8005A0D2E /* Resources */ = {
			isa = PBXResourcesBuildPhase;
			buildActionMask = 2147483647;
			files = (
			);
			runOnlyForDeploymentPostprocessing = 0;
		};
/* End PBXResourcesBuildPhase section */

/* Begin PBXSourcesBuildPhase section */
		86164ADA2D05F6F6005A0D2E /* Sources */ = {
			isa = PBXSourcesBuildPhase;
			buildActionMask = 2147483647;
			files = (
			);
			runOnlyForDeploymentPostprocessing = 0;
		};
		86164AEA2D05F6F8005A0D2E /* Sources */ = {
			isa = PBXSourcesBuildPhase;
			buildActionMask = 2147483647;
			files = (
			);
			runOnlyForDeploymentPostprocessing = 0;
		};
		86164AF42D05F6F8005A0D2E /* Sources */ = {
			isa = PBXSourcesBuildPhase;
			buildActionMask = 2147483647;
			files = (
			);
			runOnlyForDeploymentPostprocessing = 0;
		};
/* End PBXSourcesBuildPhase section */

/* Begin PBXTargetDependency section */
		86164AF02D05F6F8005A0D2E /* PBXTargetDependency */ = {
			isa = PBXTargetDependency;
			target = 86164ADD2D05F6F6005A0D2E /* reframe */;
			targetProxy = 86164AEF2D05F6F8005A0D2E /* PBXContainerItemProxy */;
		};
		86164AFA2D05F6F8005A0D2E /* PBXTargetDependency */ = {
			isa = PBXTargetDependency;
			target = 86164ADD2D05F6F6005A0D2E /* reframe */;
			targetProxy = 86164AF92D05F6F8005A0D2E /* PBXContainerItemProxy */;
		};
/* End PBXTargetDependency section */

/* Begin XCBuildConfiguration section */
		86164B002D05F6F8005A0D2E /* Debug */ = {
			isa = XCBuildConfiguration;
			buildSettings = {
				ALWAYS_SEARCH_USER_PATHS = NO;
				ASSETCATALOG_COMPILER_GENERATE_SWIFT_ASSET_SYMBOL_EXTENSIONS = YES;
				CLANG_ANALYZER_NONNULL = YES;
				CLANG_ANALYZER_NUMBER_OBJECT_CONVERSION = YES_AGGRESSIVE;
				CLANG_CXX_LANGUAGE_STANDARD = "gnu++20";
				CLANG_ENABLE_MODULES = YES;
				CLANG_ENABLE_OBJC_ARC = YES;
				CLANG_ENABLE_OBJC_WEAK = YES;
				CLANG_WARN_BLOCK_CAPTURE_AUTORELEASING = YES;
				CLANG_WARN_BOOL_CONVERSION = YES;
				CLANG_WARN_COMMA = YES;
				CLANG_WARN_CONSTANT_CONVERSION = YES;
				CLANG_WARN_DEPRECATED_OBJC_IMPLEMENTATIONS = YES;
				CLANG_WARN_DIRECT_OBJC_ISA_USAGE = YES_ERROR;
				CLANG_WARN_DOCUMENTATION_COMMENTS = YES;
				CLANG_WARN_EMPTY_BODY = YES;
				CLANG_WARN_ENUM_CONVERSION = YES;
				CLANG_WARN_INFINITE_RECURSION = YES;
				CLANG_WARN_INT_CONVERSION = YES;
				CLANG_WARN_NON_LITERAL_NULL_CONVERSION = YES;
				CLANG_WARN_OBJC_IMPLICIT_RETAIN_SELF = YES;
				CLANG_WARN_OBJC_LITERAL_CONVERSION = YES;
				CLANG_WARN_OBJC_ROOT_CLASS = YES_ERROR;
				CLANG_WARN_QUOTED_INCLUDE_IN_FRAMEWORK_HEADER = YES;
				CLANG_WARN_RANGE_LOOP_ANALYSIS = YES;
				CLANG_WARN_STRICT_PROTOTYPES = YES;
				CLANG_WARN_SUSPICIOUS_MOVE = YES;
				CLANG_WARN_UNGUARDED_AVAILABILITY = YES_AGGRESSIVE;
				CLANG_WARN_UNREACHABLE_CODE = YES;
				CLANG_WARN__DUPLICATE_METHOD_MATCH = YES;
				COPY_PHASE_STRIP = NO;
				DEBUG_INFORMATION_FORMAT = dwarf;
				ENABLE_STRICT_OBJC_MSGSEND = YES;
				ENABLE_TESTABILITY = YES;
				ENABLE_USER_SCRIPT_SANDBOXING = YES;
				GCC_C_LANGUAGE_STANDARD = gnu17;
				GCC_DYNAMIC_NO_PIC = NO;
				GCC_NO_COMMON_BLOCKS = YES;
				GCC_OPTIMIZATION_LEVEL = 0;
				GCC_PREPROCESSOR_DEFINITIONS = (
					"DEBUG=1",
					"$(inherited)",
				);
				GCC_WARN_64_TO_32_BIT_CONVERSION = YES;
				GCC_WARN_ABOUT_RETURN_TYPE = YES_ERROR;
				GCC_WARN_UNDECLARED_SELECTOR = YES;
				GCC_WARN_UNINITIALIZED_AUTOS = YES_AGGRESSIVE;
				GCC_WARN_UNUSED_FUNCTION = YES;
				GCC_WARN_UNUSED_VARIABLE = YES;
				INFOPLIST_KEY_NSFileProviderDomainUsageDescription = "";
				INFOPLIST_KEY_NSPhotoLibraryUsageDescription = "$(PRODUCT_NAME) camera use";
				IPHONEOS_DEPLOYMENT_TARGET = 18.1;
				LOCALIZATION_PREFERS_STRING_CATALOGS = YES;
				MTL_ENABLE_DEBUG_INFO = INCLUDE_SOURCE;
				MTL_FAST_MATH = YES;
				ONLY_ACTIVE_ARCH = YES;
				SDKROOT = iphoneos;
				SWIFT_ACTIVE_COMPILATION_CONDITIONS = "DEBUG $(inherited)";
				SWIFT_OPTIMIZATION_LEVEL = "-Onone";
			};
			name = Debug;
		};
		86164B012D05F6F8005A0D2E /* Release */ = {
			isa = XCBuildConfiguration;
			buildSettings = {
				ALWAYS_SEARCH_USER_PATHS = NO;
				ASSETCATALOG_COMPILER_GENERATE_SWIFT_ASSET_SYMBOL_EXTENSIONS = YES;
				CLANG_ANALYZER_NONNULL = YES;
				CLANG_ANALYZER_NUMBER_OBJECT_CONVERSION = YES_AGGRESSIVE;
				CLANG_CXX_LANGUAGE_STANDARD = "gnu++20";
				CLANG_ENABLE_MODULES = YES;
				CLANG_ENABLE_OBJC_ARC = YES;
				CLANG_ENABLE_OBJC_WEAK = YES;
				CLANG_WARN_BLOCK_CAPTURE_AUTORELEASING = YES;
				CLANG_WARN_BOOL_CONVERSION = YES;
				CLANG_WARN_COMMA = YES;
				CLANG_WARN_CONSTANT_CONVERSION = YES;
				CLANG_WARN_DEPRECATED_OBJC_IMPLEMENTATIONS = YES;
				CLANG_WARN_DIRECT_OBJC_ISA_USAGE = YES_ERROR;
				CLANG_WARN_DOCUMENTATION_COMMENTS = YES;
				CLANG_WARN_EMPTY_BODY = YES;
				CLANG_WARN_ENUM_CONVERSION = YES;
				CLANG_WARN_INFINITE_RECURSION = YES;
				CLANG_WARN_INT_CONVERSION = YES;
				CLANG_WARN_NON_LITERAL_NULL_CONVERSION = YES;
				CLANG_WARN_OBJC_IMPLICIT_RETAIN_SELF = YES;
				CLANG_WARN_OBJC_LITERAL_CONVERSION = YES;
				CLANG_WARN_OBJC_ROOT_CLASS = YES_ERROR;
				CLANG_WARN_QUOTED_INCLUDE_IN_FRAMEWORK_HEADER = YES;
				CLANG_WARN_RANGE_LOOP_ANALYSIS = YES;
				CLANG_WARN_STRICT_PROTOTYPES = YES;
				CLANG_WARN_SUSPICIOUS_MOVE = YES;
				CLANG_WARN_UNGUARDED_AVAILABILITY = YES_AGGRESSIVE;
				CLANG_WARN_UNREACHABLE_CODE = YES;
				CLANG_WARN__DUPLICATE_METHOD_MATCH = YES;
				COPY_PHASE_STRIP = NO;
				DEBUG_INFORMATION_FORMAT = "dwarf-with-dsym";
				ENABLE_NS_ASSERTIONS = NO;
				ENABLE_STRICT_OBJC_MSGSEND = YES;
				ENABLE_USER_SCRIPT_SANDBOXING = YES;
				GCC_C_LANGUAGE_STANDARD = gnu17;
				GCC_NO_COMMON_BLOCKS = YES;
				GCC_WARN_64_TO_32_BIT_CONVERSION = YES;
				GCC_WARN_ABOUT_RETURN_TYPE = YES_ERROR;
				GCC_WARN_UNDECLARED_SELECTOR = YES;
				GCC_WARN_UNINITIALIZED_AUTOS = YES_AGGRESSIVE;
				GCC_WARN_UNUSED_FUNCTION = YES;
				GCC_WARN_UNUSED_VARIABLE = YES;
				INFOPLIST_KEY_NSFileProviderDomainUsageDescription = "";
				INFOPLIST_KEY_NSPhotoLibraryUsageDescription = "$(PRODUCT_NAME) camera use";
				IPHONEOS_DEPLOYMENT_TARGET = 18.1;
				LOCALIZATION_PREFERS_STRING_CATALOGS = YES;
				MTL_ENABLE_DEBUG_INFO = NO;
				MTL_FAST_MATH = YES;
				SDKROOT = iphoneos;
				SWIFT_COMPILATION_MODE = wholemodule;
				VALIDATE_PRODUCT = YES;
			};
			name = Release;
		};
		86164B032D05F6F8005A0D2E /* Debug */ = {
			isa = XCBuildConfiguration;
			buildSettings = {
				ASSETCATALOG_COMPILER_APPICON_NAME = AppIcon;
				ASSETCATALOG_COMPILER_GLOBAL_ACCENT_COLOR_NAME = AccentColor;
				CODE_SIGN_STYLE = Automatic;
				CURRENT_PROJECT_VERSION = 1;
				DEVELOPMENT_ASSET_PATHS = "\"reframe/Preview Content\"";
				DEVELOPMENT_TEAM = FZWW4LTQ4W;
				ENABLE_PREVIEWS = YES;
				GENERATE_INFOPLIST_FILE = YES;
				INFOPLIST_FILE = reframe/Info.plist;
				INFOPLIST_KEY_NSFileProviderDomainUsageDescription = "";
				INFOPLIST_KEY_NSPhotoLibraryAddUsageDescription = "Reframe needs access to save your processed photos to your library";
				INFOPLIST_KEY_NSPhotoLibraryUsageDescription = "Reframe needs access to save your processed photos to your library";
				INFOPLIST_KEY_UIApplicationSceneManifest_Generation = YES;
				INFOPLIST_KEY_UIApplicationSupportsIndirectInputEvents = YES;
				INFOPLIST_KEY_UILaunchScreen_Generation = YES;
				INFOPLIST_KEY_UISupportedInterfaceOrientations_iPad = "UIInterfaceOrientationPortrait UIInterfaceOrientationPortraitUpsideDown UIInterfaceOrientationLandscapeLeft UIInterfaceOrientationLandscapeRight";
				INFOPLIST_KEY_UISupportedInterfaceOrientations_iPhone = "UIInterfaceOrientationPortrait UIInterfaceOrientationLandscapeLeft UIInterfaceOrientationLandscapeRight";
				LD_RUNPATH_SEARCH_PATHS = (
					"$(inherited)",
					"@executable_path/Frameworks",
				);
				MARKETING_VERSION = 1.0;
				PRODUCT_BUNDLE_IDENTIFIER = com.sparks.reframe;
				PRODUCT_NAME = "$(TARGET_NAME)";
				SWIFT_EMIT_LOC_STRINGS = YES;
				SWIFT_VERSION = 5.0;
				TARGETED_DEVICE_FAMILY = "1,2";
			};
			name = Debug;
		};
		86164B042D05F6F8005A0D2E /* Release */ = {
			isa = XCBuildConfiguration;
			buildSettings = {
				ASSETCATALOG_COMPILER_APPICON_NAME = AppIcon;
				ASSETCATALOG_COMPILER_GLOBAL_ACCENT_COLOR_NAME = AccentColor;
				CODE_SIGN_STYLE = Automatic;
				CURRENT_PROJECT_VERSION = 1;
				DEVELOPMENT_ASSET_PATHS = "\"reframe/Preview Content\"";
				DEVELOPMENT_TEAM = FZWW4LTQ4W;
				ENABLE_PREVIEWS = YES;
				GENERATE_INFOPLIST_FILE = YES;
				INFOPLIST_FILE = reframe/Info.plist;
				INFOPLIST_KEY_NSFileProviderDomainUsageDescription = "";
				INFOPLIST_KEY_NSPhotoLibraryAddUsageDescription = "Reframe needs access to save your processed photos to your library";
				INFOPLIST_KEY_NSPhotoLibraryUsageDescription = "Reframe needs access to save your processed photos to your library";
				INFOPLIST_KEY_UIApplicationSceneManifest_Generation = YES;
				INFOPLIST_KEY_UIApplicationSupportsIndirectInputEvents = YES;
				INFOPLIST_KEY_UILaunchScreen_Generation = YES;
				INFOPLIST_KEY_UISupportedInterfaceOrientations_iPad = "UIInterfaceOrientationPortrait UIInterfaceOrientationPortraitUpsideDown UIInterfaceOrientationLandscapeLeft UIInterfaceOrientationLandscapeRight";
				INFOPLIST_KEY_UISupportedInterfaceOrientations_iPhone = "UIInterfaceOrientationPortrait UIInterfaceOrientationLandscapeLeft UIInterfaceOrientationLandscapeRight";
				LD_RUNPATH_SEARCH_PATHS = (
					"$(inherited)",
					"@executable_path/Frameworks",
				);
				MARKETING_VERSION = 1.0;
				PRODUCT_BUNDLE_IDENTIFIER = com.sparks.reframe;
				PRODUCT_NAME = "$(TARGET_NAME)";
				SWIFT_EMIT_LOC_STRINGS = YES;
				SWIFT_VERSION = 5.0;
				TARGETED_DEVICE_FAMILY = "1,2";
			};
			name = Release;
		};
		86164B062D05F6F8005A0D2E /* Debug */ = {
			isa = XCBuildConfiguration;
			buildSettings = {
				BUNDLE_LOADER = "$(TEST_HOST)";
				CODE_SIGN_STYLE = Automatic;
				CURRENT_PROJECT_VERSION = 1;
				DEVELOPMENT_TEAM = FZWW4LTQ4W;
				GENERATE_INFOPLIST_FILE = YES;
				IPHONEOS_DEPLOYMENT_TARGET = 18.1;
				MARKETING_VERSION = 1.0;
				PRODUCT_BUNDLE_IDENTIFIER = com.sparks.reframeTests;
				PRODUCT_NAME = "$(TARGET_NAME)";
				SWIFT_EMIT_LOC_STRINGS = NO;
				SWIFT_VERSION = 5.0;
				TARGETED_DEVICE_FAMILY = "1,2";
				TEST_HOST = "$(BUILT_PRODUCTS_DIR)/reframe.app/$(BUNDLE_EXECUTABLE_FOLDER_PATH)/reframe";
			};
			name = Debug;
		};
		86164B072D05F6F8005A0D2E /* Release */ = {
			isa = XCBuildConfiguration;
			buildSettings = {
				BUNDLE_LOADER = "$(TEST_HOST)";
				CODE_SIGN_STYLE = Automatic;
				CURRENT_PROJECT_VERSION = 1;
				DEVELOPMENT_TEAM = FZWW4LTQ4W;
				GENERATE_INFOPLIST_FILE = YES;
				IPHONEOS_DEPLOYMENT_TARGET = 18.1;
				MARKETING_VERSION = 1.0;
				PRODUCT_BUNDLE_IDENTIFIER = com.sparks.reframeTests;
				PRODUCT_NAME = "$(TARGET_NAME)";
				SWIFT_EMIT_LOC_STRINGS = NO;
				SWIFT_VERSION = 5.0;
				TARGETED_DEVICE_FAMILY = "1,2";
				TEST_HOST = "$(BUILT_PRODUCTS_DIR)/reframe.app/$(BUNDLE_EXECUTABLE_FOLDER_PATH)/reframe";
			};
			name = Release;
		};
		86164B092D05F6F8005A0D2E /* Debug */ = {
			isa = XCBuildConfiguration;
			buildSettings = {
				CODE_SIGN_STYLE = Automatic;
				CURRENT_PROJECT_VERSION = 1;
				DEVELOPMENT_TEAM = FZWW4LTQ4W;
				GENERATE_INFOPLIST_FILE = YES;
				MARKETING_VERSION = 1.0;
				PRODUCT_BUNDLE_IDENTIFIER = com.sparks.reframeUITests;
				PRODUCT_NAME = "$(TARGET_NAME)";
				SWIFT_EMIT_LOC_STRINGS = NO;
				SWIFT_VERSION = 5.0;
				TARGETED_DEVICE_FAMILY = "1,2";
				TEST_TARGET_NAME = reframe;
			};
			name = Debug;
		};
		86164B0A2D05F6F8005A0D2E /* Release */ = {
			isa = XCBuildConfiguration;
			buildSettings = {
				CODE_SIGN_STYLE = Automatic;
				CURRENT_PROJECT_VERSION = 1;
				DEVELOPMENT_TEAM = FZWW4LTQ4W;
				GENERATE_INFOPLIST_FILE = YES;
				MARKETING_VERSION = 1.0;
				PRODUCT_BUNDLE_IDENTIFIER = com.sparks.reframeUITests;
				PRODUCT_NAME = "$(TARGET_NAME)";
				SWIFT_EMIT_LOC_STRINGS = NO;
				SWIFT_VERSION = 5.0;
				TARGETED_DEVICE_FAMILY = "1,2";
				TEST_TARGET_NAME = reframe;
			};
			name = Release;
		};
/* End XCBuildConfiguration section */

/* Begin XCConfigurationList section */
		86164AD92D05F6F6005A0D2E /* Build configuration list for PBXProject "reframe" */ = {
			isa = XCConfigurationList;
			buildConfigurations = (
				86164B002D05F6F8005A0D2E /* Debug */,
				86164B012D05F6F8005A0D2E /* Release */,
			);
			defaultConfigurationIsVisible = 0;
			defaultConfigurationName = Release;
		};
		86164B022D05F6F8005A0D2E /* Build configuration list for PBXNativeTarget "reframe" */ = {
			isa = XCConfigurationList;
			buildConfigurations = (
				86164B032D05F6F8005A0D2E /* Debug */,
				86164B042D05F6F8005A0D2E /* Release */,
			);
			defaultConfigurationIsVisible = 0;
			defaultConfigurationName = Release;
		};
		86164B052D05F6F8005A0D2E /* Build configuration list for PBXNativeTarget "reframeTests" */ = {
			isa = XCConfigurationList;
			buildConfigurations = (
				86164B062D05F6F8005A0D2E /* Debug */,
				86164B072D05F6F8005A0D2E /* Release */,
			);
			defaultConfigurationIsVisible = 0;
			defaultConfigurationName = Release;
		};
		86164B082D05F6F8005A0D2E /* Build configuration list for PBXNativeTarget "reframeUITests" */ = {
			isa = XCConfigurationList;
			buildConfigurations = (
				86164B092D05F6F8005A0D2E /* Debug */,
				86164B0A2D05F6F8005A0D2E /* Release */,
			);
			defaultConfigurationIsVisible = 0;
			defaultConfigurationName = Release;
		};
/* End XCConfigurationList section */
	};
	rootObject = 86164AD62D05F6F6005A0D2E /* Project object */;
}
